# THIS IS AN AUTOGENERATED FILE. DO NOT EDIT THIS FILE DIRECTLY.
# yarn lockfile v1


bower@1.8.14:
  version "1.8.14"
  resolved "https://registry.yarnpkg.com/bower/-/bower-1.8.14.tgz#985722a3c1fcd35c93d4136ecbeafbeaaea74e86"
  integrity sha512-8Rq058FD91q9Nwthyhw0la9fzpBz0iwZTrt51LWl+w+PnJgZk9J+5wp3nibsJcIUPglMYXr4NRBaR+TUj0OkBQ==
